
Microsoft Visual Studio Solution File, Format Version 12.00
# Visual Studio Version 17
VisualStudioVersion = 17.2.32630.192
MinimumVisualStudioVersion = 10.0.40219.1
Project("{FAE04EC0-301F-11D3-BF4B-00C04F79EFBC}") = "08Graph", "08Graph\08Graph.csproj", "{CC64B418-3C1D-4788-9F60-67D4BAE45F67}"
EndProject
Global
	GlobalSection(SolutionConfigurationPlatforms) = preSolution
		Debug|Any CPU = Debug|Any CPU
		Release|Any CPU = Release|Any CPU
	EndGlobalSection
	GlobalSection(ProjectConfigurationPlatforms) = postSolution
		{CC64B418-3C1D-4788-9F60-67D4BAE45F67}.Debug|Any CPU.ActiveCfg = Debug|Any CPU
		{CC64B418-3C1D-4788-9F60-67D4BAE45F67}.Debug|Any CPU.Build.0 = Debug|Any CPU
		{CC64B418-3C1D-4788-9F60-67D4BAE45F67}.Release|Any CPU.ActiveCfg = Release|Any CPU
		{CC64B418-3C1D-4788-9F60-67D4BAE45F67}.Release|Any CPU.Build.0 = Release|Any CPU
	EndGlobalSection
	GlobalSection(SolutionProperties) = preSolution
		HideSolutionNode = FALSE
	EndGlobalSection
	GlobalSection(ExtensibilityGlobals) = postSolution
		SolutionGuid = {F4A25D4E-991F-4898-A45F-F9597484CBCE}
	EndGlobalSection
EndGlobal
